
Microsoft Visual Studio Solution File, Format Version 12.00
# Visual Studio Version 16
VisualStudioVersion = 16.0.30225.117
MinimumVisualStudioVersion = 10.0.40219.1
Project("{FAE04EC0-301F-11D3-BF4B-00C04F79EFBC}") = "AutoScan", "AutoScan\AutoScan.csproj", "{F2B97353-C9DF-4B98-A6D4-2BF550C60FF6}"
EndProject
Global
	GlobalSection(SolutionConfigurationPlatforms) = preSolution
		Debug|Any CPU = Debug|Any CPU
		Release|Any CPU = Release|Any CPU
	EndGlobalSection
	GlobalSection(ProjectConfigurationPlatforms) = postSolution
		{F2B97353-C9DF-4B98-A6D4-2BF550C60FF6}.Debug|Any CPU.ActiveCfg = Debug|Any CPU
		{F2B97353-C9DF-4B98-A6D4-2BF550C60FF6}.Debug|Any CPU.Build.0 = Debug|Any CPU
		{F2B97353-C9DF-4B98-A6D4-2BF550C60FF6}.Release|Any CPU.ActiveCfg = Release|Any CPU
		{F2B97353-C9DF-4B98-A6D4-2BF550C60FF6}.Release|Any CPU.Build.0 = Release|Any CPU
	EndGlobalSection
	GlobalSection(SolutionProperties) = preSolution
		HideSolutionNode = FALSE
	EndGlobalSection
	GlobalSection(ExtensibilityGlobals) = postSolution
		SolutionGuid = {8FA05D5A-78FC-4B9A-BF30-D04603088CCF}
	EndGlobalSection
EndGlobal
